
Microsoft Visual Studio Solution File, Format Version 12.00
# Visual Studio Version 17
VisualStudioVersion = 17.12.35506.116
MinimumVisualStudioVersion = 10.0.40219.1
Project("{FAE04EC0-301F-11D3-BF4B-00C04F79EFBC}") = "Scim_v1", "Scım_v1\Scim_v1.csproj", "{BCF3FAEC-1035-4AAC-8F7F-C0BB0E7D926C}"
EndProject
Global
	GlobalSection(SolutionConfigurationPlatforms) = preSolution
		Debug|Any CPU = Debug|Any CPU
		Release|Any CPU = Release|Any CPU
	EndGlobalSection
	GlobalSection(ProjectConfigurationPlatforms) = postSolution
		{BCF3FAEC-1035-4AAC-8F7F-C0BB0E7D926C}.Debug|Any CPU.ActiveCfg = Debug|Any CPU
		{BCF3FAEC-1035-4AAC-8F7F-C0BB0E7D926C}.Debug|Any CPU.Build.0 = Debug|Any CPU
		{BCF3FAEC-1035-4AAC-8F7F-C0BB0E7D926C}.Release|Any CPU.ActiveCfg = Release|Any CPU
		{BCF3FAEC-1035-4AAC-8F7F-C0BB0E7D926C}.Release|Any CPU.Build.0 = Release|Any CPU
	EndGlobalSection
	GlobalSection(SolutionProperties) = preSolution
		HideSolutionNode = FALSE
	EndGlobalSection
EndGlobal
